
Microsoft Visual Studio Solution File, Format Version 12.00
# Visual Studio Version 17
VisualStudioVersion = 17.2.32526.322
MinimumVisualStudioVersion = 10.0.40219.1
Project("{FAE04EC0-301F-11D3-BF4B-00C04F79EFBC}") = "TeacherChallengeConsoleUI", "TeacherChallengeConsoleUI\TeacherChallengeConsoleUI.csproj", "{D2259037-29FE-4B70-A7F7-66B8BD7AD817}"
EndProject
Project("{FAE04EC0-301F-11D3-BF4B-00C04F79EFBC}") = "TeacherChallengeLibrary", "TeacherChallengeLibrary\TeacherChallengeLibrary.csproj", "{17017C19-FBC6-4808-AD5B-8B69314A874F}"
EndProject
Global
	GlobalSection(SolutionConfigurationPlatforms) = preSolution
		Debug|Any CPU = Debug|Any CPU
		Release|Any CPU = Release|Any CPU
	EndGlobalSection
	GlobalSection(ProjectConfigurationPlatforms) = postSolution
		{D2259037-29FE-4B70-A7F7-66B8BD7AD817}.Debug|Any CPU.ActiveCfg = Debug|Any CPU
		{D2259037-29FE-4B70-A7F7-66B8BD7AD817}.Debug|Any CPU.Build.0 = Debug|Any CPU
		{D2259037-29FE-4B70-A7F7-66B8BD7AD817}.Release|Any CPU.ActiveCfg = Release|Any CPU
		{D2259037-29FE-4B70-A7F7-66B8BD7AD817}.Release|Any CPU.Build.0 = Release|Any CPU
		{17017C19-FBC6-4808-AD5B-8B69314A874F}.Debug|Any CPU.ActiveCfg = Debug|Any CPU
		{17017C19-FBC6-4808-AD5B-8B69314A874F}.Debug|Any CPU.Build.0 = Debug|Any CPU
		{17017C19-FBC6-4808-AD5B-8B69314A874F}.Release|Any CPU.ActiveCfg = Release|Any CPU
		{17017C19-FBC6-4808-AD5B-8B69314A874F}.Release|Any CPU.Build.0 = Release|Any CPU
	EndGlobalSection
	GlobalSection(SolutionProperties) = preSolution
		HideSolutionNode = FALSE
	EndGlobalSection
	GlobalSection(ExtensibilityGlobals) = postSolution
		SolutionGuid = {B3D6BFBB-2952-4870-A600-97AF9A9FFC29}
	EndGlobalSection
EndGlobal
